
Microsoft Visual Studio Solution File, Format Version 12.00
# Visual Studio Version 17
VisualStudioVersion = 17.4.33205.214
MinimumVisualStudioVersion = 10.0.40219.1
Project("{FAE04EC0-301F-11D3-BF4B-00C04F79EFBC}") = "PrincessDumper", "PrincessDumper\PrincessDumper.csproj", "{21EF58BA-800B-4826-9AD0-6DD4126C6652}"
EndProject
Global
	GlobalSection(SolutionConfigurationPlatforms) = preSolution
		Debug|Any CPU = Debug|Any CPU
		Release|Any CPU = Release|Any CPU
	EndGlobalSection
	GlobalSection(ProjectConfigurationPlatforms) = postSolution
		{21EF58BA-800B-4826-9AD0-6DD4126C6652}.Debug|Any CPU.ActiveCfg = Debug|Any CPU
		{21EF58BA-800B-4826-9AD0-6DD4126C6652}.Debug|Any CPU.Build.0 = Debug|Any CPU
		{21EF58BA-800B-4826-9AD0-6DD4126C6652}.Release|Any CPU.ActiveCfg = Release|Any CPU
		{21EF58BA-800B-4826-9AD0-6DD4126C6652}.Release|Any CPU.Build.0 = Release|Any CPU
	EndGlobalSection
	GlobalSection(SolutionProperties) = preSolution
		HideSolutionNode = FALSE
	EndGlobalSection
	GlobalSection(ExtensibilityGlobals) = postSolution
		SolutionGuid = {98390C73-FE76-41E8-A3FF-799AB620E254}
	EndGlobalSection
EndGlobal
